{
    "_meta": {
        "hash": {
            "sha256": "3365d293bce64e69dcb013ac0457a4468b2da33e8681b116aa66a000e2bc0fa1"
        },
        "pipfile-spec": 6,
        "requires": {},
        "sources": [
            {
                "name": "pypi",
                "url": "https://pypi.python.org/simple",
                "verify_ssl": true
            }
        ]
    },
    "default": {
        "bba4a4a": {
            "editable": true,
            "path": "."
        },
        "beautifulsoup4": {
            "hashes": [
                "sha256:11a9a27b7d3bddc6d86f59fb76afb70e921a25ac2d6cc55b40d072bd68435a76",
                "sha256:7015e76bf32f1f574636c4288399a6de66ce08fb7b2457f628a8d70c0fbabb11",
                "sha256:808b6ac932dccb0a4126558f7dfdcf41710dd44a4ef497a0bb59a77f9f078e89"
            ],
            "version": "==4.6.0"
        },
        "blinker": {
            "hashes": [
                "sha256:6811010809262261e41ab7b92f3f6d23f35cf816fbec2bc05077992eebec6e2f"
            ],
            "version": "==1.3"
        },
        "certifi": {
            "hashes": [
                "sha256:e4f3620cfea4f83eedc95b24abd9cd56f3c4b146dd0177e83a21b4eb49e21e50",
                "sha256:fd7c7c74727ddcf00e9acd26bba8da604ffec95bf1c2144e67aff7a8b50e6cef"
            ],
            "version": "==2019.9.11"
        },
        "chardet": {
            "hashes": [
                "sha256:84ab92ed1c4d4f16916e05906b6b75a6c0fb5db821cc65e70cbd64a3e2a5eaae",
                "sha256:fc323ffcaeaed0e0a02bf4d117757b98aed530d9ed4531e3e15460124c106691"
            ],
            "version": "==3.0.4"
        },
        "clarify": {
            "hashes": [
                "sha256:6603110131a6d1bcd3ca376aaa6059d701d084e18dec1cc91da6bc493e40ea11"
            ],
            "version": "==0.3"
        },
        "click": {
            "hashes": [
                "sha256:c9972f4d2b80575bb9112500cfec750eaf4f04e07abda4b2c44e453cde65ee77",
                "sha256:f79c8c04d7eb50071bcad67fd23f3c10fab6c72d56857adf848367806845d6e5"
            ],
            "version": "==3.3"
        },
        "cssselect": {
            "hashes": [
                "sha256:f612ee47b749c877ebae5bb77035d8f4202c6ad0f0fc1271b3c18ad6c4468ecf",
                "sha256:f95f8dedd925fd8f54edb3d2dfb44c190d9d18512377d3c1e2388d16126879bc"
            ],
            "version": "==1.1.0"
        },
        "funcsigs": {
            "hashes": [
                "sha256:330cc27ccbf7f1e992e69fef78261dc7c6569012cf397db8d3de0234e6c937ca",
                "sha256:a7bb0f2cf3a3fd1ab2732cb49eba4252c2af4240442415b4abce3b87022a8f50"
            ],
            "version": "==1.0.2"
        },
        "future": {
            "hashes": [
                "sha256:e39ced1ab767b5936646cedba8bcce582398233d6a627067d4c6a454c90cfedb"
            ],
            "version": "==0.16.0"
        },
        "github3-py": {
            "hashes": [
                "sha256:cfc7c6869a830b57e9deaf09344df8b8fae09907f46308bba7047b6197c670f0"
            ],
            "version": "==0.9.0"
        },
        "idna": {
            "hashes": [
                "sha256:c357b3f628cf53ae2c4c05627ecc484553142ca23264e593d327bcde5e9c3407",
                "sha256:ea8b7f6188e6fa117537c3df7da9fc686d485087abf6ac197f9c46432f7e4a3c"
            ],
            "version": "==2.8"
        },
        "ipaddress": {
            "hashes": [
                "sha256:5d8534c8e185f2d8a1fda1ef73f2c8f4b23264e8e30063feeb9511d492a413e1",
                "sha256:d34cf15d95ce9a734560f7400a8bd2ac2606f378e2a1d0eadbf1c98707e7c74a"
            ],
            "version": "==1.0.18"
        },
        "ipython": {
            "hashes": [
                "sha256:17fbeea1dff2318d617d90fdf7af4eb35dc48c61389a2dffaab8ff100fb100ea",
                "sha256:c2ee1ab86cc6f1f4160e359ce070ce3cc8c1485217a529f8963d72b978cd3eb6"
            ],
            "version": "==0.13.2"
        },
        "jellyfish": {
            "hashes": [
                "sha256:887a9a49d0caee913a883c3e7eb185f6260ebe2137562365be422d1316bd39c9",
                "sha256:d0b22034df56d5faa34928457655722acf385d122da59c2cf7f4acd6bd49ea8b"
            ],
            "version": "==0.5.6"
        },
        "lxml": {
            "hashes": [
                "sha256:02ca7bf899da57084041bb0f6095333e4d239948ad3169443f454add9f4e9cb4",
                "sha256:096b82c5e0ea27ce9138bcbb205313343ee66a6e132f25c5ed67e2c8d960a1bc",
                "sha256:0a920ff98cf1aac310470c644bc23b326402d3ef667ddafecb024e1713d485f1",
                "sha256:17cae1730a782858a6e2758fd20dd0ef7567916c47757b694a06ffafdec20046",
                "sha256:17e3950add54c882e032527795c625929613adbd2ce5162b94667334458b5a36",
                "sha256:1f4f214337f6ee5825bf90a65d04d70aab05526c08191ab888cb5149501923c5",
                "sha256:2e8f77db25b0a96af679e64ff9bf9dddb27d379c9900c3272f3041c4d1327c9d",
                "sha256:4dffd405390a45ecb95ab5ab1c1b847553c18b0ef8ed01e10c1c8b1a76452916",
                "sha256:6b899931a5648862c7b88c795eddff7588fb585e81cecce20f8d9da16eff96e0",
                "sha256:726c17f3e0d7a7200718c9a890ccfeab391c9133e363a577a44717c85c71db27",
                "sha256:760c12276fee05c36f95f8040180abc7fbebb9e5011447a97cdc289b5d6ab6fc",
                "sha256:796685d3969815a633827c818863ee199440696b0961e200b011d79b9394bbe7",
                "sha256:891fe897b49abb7db470c55664b198b1095e4943b9f82b7dcab317a19116cd38",
                "sha256:a471628e20f03dcdfde00770eeaf9c77811f0c331c8805219ca7b87ac17576c5",
                "sha256:a63b4fd3e2cabdcc9d918ed280bdde3e8e9641e04f3c59a2a3109644a07b9832",
                "sha256:b0b84408d4eabc6de9dd1e1e0bc63e7731e890c0b378a62443e5741cfd0ae90a",
                "sha256:be78485e5d5f3684e875dab60f40cddace2f5b2a8f7fede412358ab3214c3a6f",
                "sha256:c27eaed872185f047bb7f7da2d21a7d8913457678c9a100a50db6da890bc28b9",
                "sha256:c81cb40bff373ab7a7446d6bbca0190bccc5be3448b47b51d729e37799bb5692",
                "sha256:d11874b3c33ee441059464711cd365b89fa1a9cf19ae75b0c189b01fbf735b84",
                "sha256:e9c028b5897901361d81a4718d1db217b716424a0283afe9d6735fe0caf70f79",
                "sha256:fe489d486cd00b739be826e8c1be188ddb74c7a1ca784d93d06fda882a6a1681"
            ],
            "version": "==4.4.1"
        },
        "mongoengine": {
            "hashes": [
                "sha256:3fd918bb13eac7ef90262c6e5fa034801e4a2af7eefbd4595ebf0659d265cb86"
            ],
            "version": "==0.9.0"
        },
        "nameparser": {
            "hashes": [
                "sha256:657b7cf73b342ec8baab845e58accb6030e206c06c5bb0c8ad12304d1f12f426",
                "sha256:d21dc7967a264962d70ef9d1b8608c6e1296654316ee6ecf6e24c7a1a54e65de"
            ],
            "version": "==0.5.3"
        },
        "ordered-set": {
            "hashes": [
                "sha256:942cad5d7d5b0760d5cbe93dfb385ac2ed402ca1d48c9f4e102d7d5cce3a90eb"
            ],
            "version": "==2.0.2"
        },
        "pymongo": {
            "hashes": [
                "sha256:0543f65364fb54fb54b954136cf6b5e689ab12a7c1d15c59c52d3d0c5fa73935",
                "sha256:1108c3f21541b03d1a8ff49daea5cdbf76da75ff9c09057d8cb0b16c17933ef1",
                "sha256:28d06f38fb8b20df792c3436724041c330902f3bfdfaa71e6e5825a00f328179",
                "sha256:2f3a720aaf3c7f376754bdd128007b792af6fc4c1ad215f18dcb8918ade7ef36",
                "sha256:39e014abb53ed5ef302b69a07b1e6c6ef1d7395af15283001148949ce9676c2f",
                "sha256:65e217533c332a85dfe58e0fc1f44521103f030f97e5429499e0c880f50b666d",
                "sha256:66e946612d932f6b5800c6324fd9bcbadd16de379f4ec56e57538ceff8c683fd",
                "sha256:751918b7dc3bbbc05c071073a50e85a4a265fe5ca2d6ed939d65c1403a0701b0",
                "sha256:8bc017a05f95e6bcb281cc64386822af484f04e8e74a2eb2351c96615a97490f",
                "sha256:91bd48766b99094f646ebf34b35055aa2660d6c1fee7b8d5102ee838213f9387",
                "sha256:a99b554bbeb2f3c8b2df793f187f5c969a3871aa613abd93cc3280c353573dd1",
                "sha256:c1aedbc6044d5e70ea7a8f81205ae89742e7f58d96fd4cb7ef17312e016f20aa",
                "sha256:cf8d4cb28188705da876eb64adacf5c582769dd7c96425e8aaba3e0d6e2d9e77",
                "sha256:e410bfbfc880d63c608c48a787db46284e68642197068855ef1dfc5ff2771b01",
                "sha256:e7483795284e961e33f78637936b14dd99fdc4c004ffdcbdec9b0e5017a7e7bf",
                "sha256:e87c320a1f723dde4ae13bb56b8d91c1af39d99b79ee7b2484bf38f6a447b2d2",
                "sha256:e8a60148a665ff8287559e8fb3835cc144256ee708e3afd3bfa9f23766350af7",
                "sha256:ea57ecaa11b912f2b0339de3b59b27971c7315623f28fb368fd2ccaa35f8c8c8",
                "sha256:f06963ac44d5d8110cf7a3602c990f9196c06160b73a58bf54285667e71d9a22",
                "sha256:fdcc535924c10515e588d841a2cfe51debd760a2c636168182cb56b63ba42a89"
            ],
            "version": "==2.8"
        },
        "python-dateutil": {
            "hashes": [
                "sha256:7e6584c74aeed623791615e26efd690f29817a27c73085b78e4bad02493df2fb",
                "sha256:c89805f6f4d64db21ed966fda138f8a5ed7a4fdbc1a8ee329ce1b74e3c74da9e"
            ],
            "version": "==2.8.0"
        },
        "requests": {
            "hashes": [
                "sha256:502a824f31acdacb3a35b6690b5fbf0bc41d63a24a45c4004352b0242707598e",
                "sha256:7bf2a778576d825600030a110f3c0e3e8edc51dfaafe1c146e39a2027784957b"
            ],
            "index": "pypi",
            "version": "==2.21.0"
        },
        "requests-futures": {
            "hashes": [
                "sha256:35547502bf1958044716a03a2f47092a89efe8f9789ab0c4c528d9c9c30bc148"
            ],
            "version": "==1.0.0"
        },
        "six": {
            "hashes": [
                "sha256:3350809f0555b11f552448330d0b52d5f24c91a322ea4a15ef22629740f3761c",
                "sha256:d16a0141ec1a18405cd4ce8b4613101da75da0e9a7aec5bdd4fa804d0e0eba73"
            ],
            "version": "==1.12.0"
        },
        "unicodecsv": {
            "hashes": [
                "sha256:b0b7513c33e658cf8e96a55ae18b7be0cf756ca7bfa39b3e4178a1a13edf5e04"
            ],
            "version": "==0.12.0"
        },
        "uritemplate": {
            "hashes": [
                "sha256:01c69f4fe8ed503b2951bef85d996a9d22434d2431584b5b107b2981ff416fbd",
                "sha256:1b9c467a940ce9fb9f50df819e8ddd14696f89b9a8cc87ac77952ba416e0a8fd",
                "sha256:c02643cebe23fc8adb5e6becffe201185bf06c40bda5c0b4028a93f1527d011d"
            ],
            "version": "==3.0.0"
        },
        "uritemplate.py": {
            "hashes": [
                "sha256:a0c459569e80678c473175666e0d1b3af5bc9a13f84463ec74f808f3dd12ca47",
                "sha256:e0cdeb0f55ec18e1580974e8017cd188549aacc2aba664ae756adb390b9d45b4"
            ],
            "version": "==3.0.2"
        },
        "urllib3": {
            "hashes": [
                "sha256:4c291ca23bbb55c76518905869ef34bdd5f0e46af7afe6861e8375643ffee1a0",
                "sha256:9a247273df709c4fedb38c711e44292304f73f39ab01beda9f6b9fc375669ac3"
            ],
            "index": "pypi",
            "version": "==1.24.2"
        },
        "us": {
            "hashes": [
                "sha256:09dc9ba763e2e4399e6a042104f3e415a7de6bfa4df6f557b4f19e3ba9a22fda"
            ],
            "version": "==1.0.0"
        },
        "xlrd": {
            "hashes": [
                "sha256:3bc9823c09321ba62c6a6aa5c338a2c5b96c802717a044f42cec7a65a4c8e9f9"
            ],
            "version": "==0.9.2"
        }
    },
    "develop": {
        "factory-boy": {
            "hashes": [
                "sha256:d7012499e52de5a4413e22aed51df8948533685452dfe16b41001f28f9ce5b1c"
            ],
            "index": "pypi",
            "version": "==2.4.1"
        },
        "mock": {
            "hashes": [
                "sha256:5ce3c71c5545b472da17b72268978914d0252980348636840bd34a00b5cc96c1",
                "sha256:b158b6df76edd239b8208d481dc46b6afd45a846b7812ff0ce58971cf5bc8bba"
            ],
            "index": "pypi",
            "version": "==2.0.0"
        },
        "nose": {
            "hashes": [
                "sha256:9ff7c6cc443f8c51994b34a667bbcf45afd6d945be7477b52e97516fd17c53ac",
                "sha256:dadcddc0aefbf99eea214e0f1232b94f2fa9bd98fa8353711dacb112bfcbbb2a",
                "sha256:f1bffef9cbc82628f6e7d7b40d7e255aefaa1adb6a1b1d26c69a8b79e6208a98"
            ],
            "index": "pypi",
            "version": "==1.3.7"
        },
        "pbr": {
            "hashes": [
                "sha256:2c8e420cd4ed4cec4e7999ee47409e876af575d4c35a45840d59e8b5f3155ab8",
                "sha256:b32c8ccaac7b1a20c0ce00ce317642e6cf231cf038f9875e0280e28af5bf7ac9"
            ],
            "version": "==5.4.3"
        },
        "six": {
            "hashes": [
                "sha256:3350809f0555b11f552448330d0b52d5f24c91a322ea4a15ef22629740f3761c",
                "sha256:d16a0141ec1a18405cd4ce8b4613101da75da0e9a7aec5bdd4fa804d0e0eba73"
            ],
            "version": "==1.12.0"
        }
    }
}
