{
    "_meta": {
        "hash": {
            "sha256": "a00dab9d0a0c6195fab810fea9b2ab6e9fcd0e4286b9c13e37982732b1a1b7ea"
        },
        "pipfile-spec": 6,
        "requires": {},
        "sources": [
            {
                "name": "pypi",
                "url": "https://pypi.python.org/simple",
                "verify_ssl": true
            }
        ]
    },
    "default": {
        "bba4a4a": {
            "editable": true,
            "path": "."
        },
        "beautifulsoup4": {
            "hashes": [
                "sha256:11a9a27b7d3bddc6d86f59fb76afb70e921a25ac2d6cc55b40d072bd68435a76",
                "sha256:7015e76bf32f1f574636c4288399a6de66ce08fb7b2457f628a8d70c0fbabb11",
                "sha256:808b6ac932dccb0a4126558f7dfdcf41710dd44a4ef497a0bb59a77f9f078e89"
            ],
            "version": "==4.6.0"
        },
        "blinker": {
            "hashes": [
                "sha256:6811010809262261e41ab7b92f3f6d23f35cf816fbec2bc05077992eebec6e2f"
            ],
            "version": "==1.3"
        },
        "certifi": {
            "hashes": [
                "sha256:1a4995114262bffbc2413b159f2a1a480c969de6e6eb13ee966d470af86af59c",
                "sha256:719a74fb9e33b9bd44cc7f3a8d94bc35e4049deebe19ba7d8e108280cfd59830"
            ],
            "version": "==2020.12.5"
        },
        "chardet": {
            "hashes": [
                "sha256:84ab92ed1c4d4f16916e05906b6b75a6c0fb5db821cc65e70cbd64a3e2a5eaae",
                "sha256:fc323ffcaeaed0e0a02bf4d117757b98aed530d9ed4531e3e15460124c106691"
            ],
            "version": "==3.0.4"
        },
        "clarify": {
            "hashes": [
                "sha256:6603110131a6d1bcd3ca376aaa6059d701d084e18dec1cc91da6bc493e40ea11"
            ],
            "version": "==0.3"
        },
        "click": {
            "hashes": [
                "sha256:c9972f4d2b80575bb9112500cfec750eaf4f04e07abda4b2c44e453cde65ee77",
                "sha256:f79c8c04d7eb50071bcad67fd23f3c10fab6c72d56857adf848367806845d6e5"
            ],
            "version": "==3.3"
        },
        "cssselect": {
            "hashes": [
                "sha256:f612ee47b749c877ebae5bb77035d8f4202c6ad0f0fc1271b3c18ad6c4468ecf",
                "sha256:f95f8dedd925fd8f54edb3d2dfb44c190d9d18512377d3c1e2388d16126879bc"
            ],
            "version": "==1.1.0"
        },
        "funcsigs": {
            "hashes": [
                "sha256:330cc27ccbf7f1e992e69fef78261dc7c6569012cf397db8d3de0234e6c937ca",
                "sha256:a7bb0f2cf3a3fd1ab2732cb49eba4252c2af4240442415b4abce3b87022a8f50"
            ],
            "version": "==1.0.2"
        },
        "future": {
            "hashes": [
                "sha256:e39ced1ab767b5936646cedba8bcce582398233d6a627067d4c6a454c90cfedb"
            ],
            "version": "==0.16.0"
        },
        "github3-py": {
            "hashes": [
                "sha256:cfc7c6869a830b57e9deaf09344df8b8fae09907f46308bba7047b6197c670f0"
            ],
            "version": "==0.9.0"
        },
        "idna": {
            "hashes": [
                "sha256:c357b3f628cf53ae2c4c05627ecc484553142ca23264e593d327bcde5e9c3407",
                "sha256:ea8b7f6188e6fa117537c3df7da9fc686d485087abf6ac197f9c46432f7e4a3c"
            ],
            "version": "==2.8"
        },
        "ipaddress": {
            "hashes": [
                "sha256:5d8534c8e185f2d8a1fda1ef73f2c8f4b23264e8e30063feeb9511d492a413e1",
                "sha256:d34cf15d95ce9a734560f7400a8bd2ac2606f378e2a1d0eadbf1c98707e7c74a"
            ],
            "version": "==1.0.18"
        },
        "ipython": {
            "hashes": [
                "sha256:17fbeea1dff2318d617d90fdf7af4eb35dc48c61389a2dffaab8ff100fb100ea",
                "sha256:c2ee1ab86cc6f1f4160e359ce070ce3cc8c1485217a529f8963d72b978cd3eb6"
            ],
            "version": "==0.13.2"
        },
        "jellyfish": {
            "hashes": [
                "sha256:887a9a49d0caee913a883c3e7eb185f6260ebe2137562365be422d1316bd39c9",
                "sha256:d0b22034df56d5faa34928457655722acf385d122da59c2cf7f4acd6bd49ea8b"
            ],
            "version": "==0.5.6"
        },
        "lxml": {
            "hashes": [
                "sha256:079f3ae844f38982d156efce585bc540c16a926d4436712cf4baee0cce487a3d",
                "sha256:0fbcf5565ac01dff87cbfc0ff323515c823081c5777a9fc7703ff58388c258c3",
                "sha256:122fba10466c7bd4178b07dba427aa516286b846b2cbd6f6169141917283aae2",
                "sha256:1b7584d421d254ab86d4f0b13ec662a9014397678a7c4265a02a6d7c2b18a75f",
                "sha256:26e761ab5b07adf5f555ee82fb4bfc35bf93750499c6c7614bd64d12aaa67927",
                "sha256:289e9ca1a9287f08daaf796d96e06cb2bc2958891d7911ac7cae1c5f9e1e0ee3",
                "sha256:2a9d50e69aac3ebee695424f7dbd7b8c6d6eb7de2a2eb6b0f6c7db6aa41e02b7",
                "sha256:33bb934a044cf32157c12bfcfbb6649807da20aa92c062ef51903415c704704f",
                "sha256:3439c71103ef0e904ea0a1901611863e51f50b5cd5e8654a151740fde5e1cade",
                "sha256:39b78571b3b30645ac77b95f7c69d1bffc4cf8c3b157c435a34da72e78c82468",
                "sha256:4289728b5e2000a4ad4ab8da6e1db2e093c63c08bdc0414799ee776a3f78da4b",
                "sha256:4bff24dfeea62f2e56f5bab929b4428ae6caba2d1eea0c2d6eb618e30a71e6d4",
                "sha256:542d454665a3e277f76954418124d67516c5f88e51a900365ed54a9806122b83",
                "sha256:5a0a14e264069c03e46f926be0d8919f4105c1623d620e7ec0e612a2e9bf1c04",
                "sha256:66e575c62792c3f9ca47cb8b6fab9e35bab91360c783d1606f758761810c9791",
                "sha256:7610b8c31688f0b1be0ef882889817939490a36d0ee880ea562a4e1399c447a1",
                "sha256:76fa7b1362d19f8fbd3e75fe2fb7c79359b0af8747e6f7141c338f0bee2f871a",
                "sha256:7728e05c35412ba36d3e9795ae8995e3c86958179c9770e65558ec3fdfd3724f",
                "sha256:8157dadbb09a34a6bd95a50690595e1fa0af1a99445e2744110e3dca7831c4ee",
                "sha256:820628b7b3135403540202e60551e741f9b6d3304371712521be939470b454ec",
                "sha256:884ab9b29feaca361f7f88d811b1eea9bfca36cf3da27768d28ad45c3ee6f969",
                "sha256:89b8b22a5ff72d89d48d0e62abb14340d9e99fd637d046c27b8b257a01ffbe28",
                "sha256:92e821e43ad382332eade6812e298dc9701c75fe289f2a2d39c7960b43d1e92a",
                "sha256:b007cbb845b28db4fb8b6a5cdcbf65bacb16a8bd328b53cbc0698688a68e1caa",
                "sha256:bc4313cbeb0e7a416a488d72f9680fffffc645f8a838bd2193809881c67dd106",
                "sha256:bccbfc27563652de7dc9bdc595cb25e90b59c5f8e23e806ed0fd623755b6565d",
                "sha256:c4f05c5a7c49d2fb70223d0d5bcfbe474cf928310ac9fa6a7c6dddc831d0b1d4",
                "sha256:ce256aaa50f6cc9a649c51be3cd4ff142d67295bfc4f490c9134d0f9f6d58ef0",
                "sha256:d2e35d7bf1c1ac8c538f88d26b396e73dd81440d59c1ef8522e1ea77b345ede4",
                "sha256:df7c53783a46febb0e70f6b05df2ba104610f2fb0d27023409734a3ecbb78fb2",
                "sha256:efac139c3f0bf4f0939f9375af4b02c5ad83a622de52d6dfa8e438e8e01d0eb0",
                "sha256:efd7a09678fd8b53117f6bae4fa3825e0a22b03ef0a932e070c0bdbb3a35e654",
                "sha256:f2380a6376dfa090227b663f9678150ef27543483055cc327555fb592c5967e2",
                "sha256:f8380c03e45cf09f8557bdaa41e1fa7c81f3ae22828e1db470ab2a6c96d8bc23"
            ],
            "index": "pypi",
            "version": "==4.6.3"
        },
        "mongoengine": {
            "hashes": [
                "sha256:3fd918bb13eac7ef90262c6e5fa034801e4a2af7eefbd4595ebf0659d265cb86"
            ],
            "version": "==0.9.0"
        },
        "nameparser": {
            "hashes": [
                "sha256:657b7cf73b342ec8baab845e58accb6030e206c06c5bb0c8ad12304d1f12f426",
                "sha256:d21dc7967a264962d70ef9d1b8608c6e1296654316ee6ecf6e24c7a1a54e65de"
            ],
            "version": "==0.5.3"
        },
        "openelections-core": {
            "path": "."
        },
        "ordered-set": {
            "hashes": [
                "sha256:942cad5d7d5b0760d5cbe93dfb385ac2ed402ca1d48c9f4e102d7d5cce3a90eb"
            ],
            "version": "==2.0.2"
        },
        "pymongo": {
            "hashes": [
                "sha256:0543f65364fb54fb54b954136cf6b5e689ab12a7c1d15c59c52d3d0c5fa73935",
                "sha256:1108c3f21541b03d1a8ff49daea5cdbf76da75ff9c09057d8cb0b16c17933ef1",
                "sha256:28d06f38fb8b20df792c3436724041c330902f3bfdfaa71e6e5825a00f328179",
                "sha256:2f3a720aaf3c7f376754bdd128007b792af6fc4c1ad215f18dcb8918ade7ef36",
                "sha256:39e014abb53ed5ef302b69a07b1e6c6ef1d7395af15283001148949ce9676c2f",
                "sha256:65e217533c332a85dfe58e0fc1f44521103f030f97e5429499e0c880f50b666d",
                "sha256:66e946612d932f6b5800c6324fd9bcbadd16de379f4ec56e57538ceff8c683fd",
                "sha256:751918b7dc3bbbc05c071073a50e85a4a265fe5ca2d6ed939d65c1403a0701b0",
                "sha256:8bc017a05f95e6bcb281cc64386822af484f04e8e74a2eb2351c96615a97490f",
                "sha256:91bd48766b99094f646ebf34b35055aa2660d6c1fee7b8d5102ee838213f9387",
                "sha256:a99b554bbeb2f3c8b2df793f187f5c969a3871aa613abd93cc3280c353573dd1",
                "sha256:c1aedbc6044d5e70ea7a8f81205ae89742e7f58d96fd4cb7ef17312e016f20aa",
                "sha256:cf8d4cb28188705da876eb64adacf5c582769dd7c96425e8aaba3e0d6e2d9e77",
                "sha256:e410bfbfc880d63c608c48a787db46284e68642197068855ef1dfc5ff2771b01",
                "sha256:e7483795284e961e33f78637936b14dd99fdc4c004ffdcbdec9b0e5017a7e7bf",
                "sha256:e87c320a1f723dde4ae13bb56b8d91c1af39d99b79ee7b2484bf38f6a447b2d2",
                "sha256:e8a60148a665ff8287559e8fb3835cc144256ee708e3afd3bfa9f23766350af7",
                "sha256:ea57ecaa11b912f2b0339de3b59b27971c7315623f28fb368fd2ccaa35f8c8c8",
                "sha256:f06963ac44d5d8110cf7a3602c990f9196c06160b73a58bf54285667e71d9a22",
                "sha256:fdcc535924c10515e588d841a2cfe51debd760a2c636168182cb56b63ba42a89"
            ],
            "version": "==2.8"
        },
        "python-dateutil": {
            "hashes": [
                "sha256:73ebfe9dbf22e832286dafa60473e4cd239f8592f699aa5adaf10050e6e1823c",
                "sha256:75bb3f31ea686f1197762692a9ee6a7550b59fc6ca3a1f4b5d7e32fb98e2da2a"
            ],
            "version": "==2.8.1"
        },
        "requests": {
            "hashes": [
                "sha256:11e007a8a2aa0323f5a921e9e6a2d7e4e67d9877e85773fba9ba6419025cbeb4",
                "sha256:9cf5292fcd0f598c671cfc1e0d7d1a7f13bb8085e9a590f48c010551dc6c4b31"
            ],
            "index": "pypi",
            "version": "==2.22.0"
        },
        "requests-futures": {
            "hashes": [
                "sha256:35547502bf1958044716a03a2f47092a89efe8f9789ab0c4c528d9c9c30bc148"
            ],
            "version": "==1.0.0"
        },
        "six": {
            "hashes": [
                "sha256:30639c035cdb23534cd4aa2dd52c3bf48f06e5f4a941509c8bafd8ce11080259",
                "sha256:8b74bedcbbbaca38ff6d7491d76f2b06b3592611af620f8426e82dddb04a5ced"
            ],
            "version": "==1.15.0"
        },
        "unicodecsv": {
            "hashes": [
                "sha256:b0b7513c33e658cf8e96a55ae18b7be0cf756ca7bfa39b3e4178a1a13edf5e04"
            ],
            "version": "==0.12.0"
        },
        "uritemplate": {
            "hashes": [
                "sha256:07620c3f3f8eed1f12600845892b0e036a2420acf513c53f7de0abd911a5894f",
                "sha256:5af8ad10cec94f215e3f48112de2022e1d5a37ed427fbd88652fa908f2ab7cae"
            ],
            "version": "==3.0.1"
        },
        "uritemplate.py": {
            "hashes": [
                "sha256:a0c459569e80678c473175666e0d1b3af5bc9a13f84463ec74f808f3dd12ca47",
                "sha256:e0cdeb0f55ec18e1580974e8017cd188549aacc2aba664ae756adb390b9d45b4"
            ],
            "version": "==3.0.2"
        },
        "urllib3": {
            "hashes": [
                "sha256:a8a318824cc77d1fd4b2bec2ded92646630d7fe8619497b142c84a9e6f5a7293",
                "sha256:f3c5fd51747d450d4dcf6f923c81f78f811aab8205fda64b0aba34a4e48b0745"
            ],
            "index": "pypi",
            "version": "==1.25.7"
        },
        "us": {
            "hashes": [
                "sha256:09dc9ba763e2e4399e6a042104f3e415a7de6bfa4df6f557b4f19e3ba9a22fda"
            ],
            "version": "==1.0.0"
        },
        "xlrd": {
            "hashes": [
                "sha256:3bc9823c09321ba62c6a6aa5c338a2c5b96c802717a044f42cec7a65a4c8e9f9"
            ],
            "version": "==0.9.2"
        }
    },
    "develop": {
        "factory-boy": {
            "hashes": [
                "sha256:d7012499e52de5a4413e22aed51df8948533685452dfe16b41001f28f9ce5b1c"
            ],
            "index": "pypi",
            "version": "==2.4.1"
        },
        "mock": {
            "hashes": [
                "sha256:83657d894c90d5681d62155c82bda9c1187827525880eda8ff5df4ec813437c3",
                "sha256:d157e52d4e5b938c550f39eb2fd15610db062441a9c2747d3dbfa9298211d0f8"
            ],
            "index": "pypi",
            "version": "==3.0.5"
        },
        "nose": {
            "hashes": [
                "sha256:9ff7c6cc443f8c51994b34a667bbcf45afd6d945be7477b52e97516fd17c53ac",
                "sha256:dadcddc0aefbf99eea214e0f1232b94f2fa9bd98fa8353711dacb112bfcbbb2a",
                "sha256:f1bffef9cbc82628f6e7d7b40d7e255aefaa1adb6a1b1d26c69a8b79e6208a98"
            ],
            "index": "pypi",
            "version": "==1.3.7"
        },
        "six": {
            "hashes": [
                "sha256:30639c035cdb23534cd4aa2dd52c3bf48f06e5f4a941509c8bafd8ce11080259",
                "sha256:8b74bedcbbbaca38ff6d7491d76f2b06b3592611af620f8426e82dddb04a5ced"
            ],
            "version": "==1.15.0"
        }
    }
}
